
Microsoft Visual Studio Solution File, Format Version 12.00
# Visual Studio 15
VisualStudioVersion = 15.0.28307.168
MinimumVisualStudioVersion = 10.0.40219.1
Project("{FAE04EC0-301F-11D3-BF4B-00C04F79EFBC}") = "DependencyTest", "DependencyTest\DependencyTest.csproj", "{44052196-7FE3-4257-960F-DDB6A0EAA587}"
EndProject
Global
	GlobalSection(SolutionConfigurationPlatforms) = preSolution
		Debug|Any CPU = Debug|Any CPU
		Release|Any CPU = Release|Any CPU
	EndGlobalSection
	GlobalSection(ProjectConfigurationPlatforms) = postSolution
		{44052196-7FE3-4257-960F-DDB6A0EAA587}.Debug|Any CPU.ActiveCfg = Debug|Any CPU
		{44052196-7FE3-4257-960F-DDB6A0EAA587}.Debug|Any CPU.Build.0 = Debug|Any CPU
		{44052196-7FE3-4257-960F-DDB6A0EAA587}.Release|Any CPU.ActiveCfg = Release|Any CPU
		{44052196-7FE3-4257-960F-DDB6A0EAA587}.Release|Any CPU.Build.0 = Release|Any CPU
	EndGlobalSection
	GlobalSection(SolutionProperties) = preSolution
		HideSolutionNode = FALSE
	EndGlobalSection
	GlobalSection(ExtensibilityGlobals) = postSolution
		SolutionGuid = {06A231B4-6C79-46C1-9B65-26CFF8B5685C}
	EndGlobalSection
EndGlobal
